// !$*UTF8*$!
{
	archiveVersion = 1;
	classes = {
	};
	objectVersion = 51;
	objects = {

/* Begin PBXBuildFile section */
		5DA0BA07924E8378BE9ED911 /* Pods_SYPreView.framework in Frameworks */ = {isa = PBXBuildFile; fileRef = 32C3B498E1381B8E21C60436 /* Pods_SYPreView.framework */; };
		87E648512370278300D03B86 /* AppDelegate.swift in Sources */ = {isa = PBXBuildFile; fileRef = 87E648502370278300D03B86 /* AppDelegate.swift */; };
		87E648552370278300D03B86 /* ViewController.swift in Sources */ = {isa = PBXBuildFile; fileRef = 87E648542370278300D03B86 /* ViewController.swift */; };
		87E648582370278300D03B86 /* Main.storyboard in Resources */ = {isa = PBXBuildFile; fileRef = 87E648562370278300D03B86 /* Main.storyboard */; };
		87E6485A2370278400D03B86 /* Assets.xcassets in Resources */ = {isa = PBXBuildFile; fileRef = 87E648592370278400D03B86 /* Assets.xcassets */; };
		87E6485D2370278400D03B86 /* LaunchScreen.storyboard in Resources */ = {isa = PBXBuildFile; fileRef = 87E6485B2370278400D03B86 /* LaunchScreen.storyboard */; };
		87E648682370288900D03B86 /* SYPreviewCollectionViewCell.swift in Sources */ = {isa = PBXBuildFile; fileRef = 87E648652370288900D03B86 /* SYPreviewCollectionViewCell.swift */; };
		87E648692370288900D03B86 /* SYPreViewController.swift in Sources */ = {isa = PBXBuildFile; fileRef = 87E648662370288900D03B86 /* SYPreViewController.swift */; };
		87E6486A2370288900D03B86 /* SYPicturePreView.swift in Sources */ = {isa = PBXBuildFile; fileRef = 87E648672370288900D03B86 /* SYPicturePreView.swift */; };
		87E6486C237028DE00D03B86 /* SYPreViewCommon.swift in Sources */ = {isa = PBXBuildFile; fileRef = 87E6486B237028DE00D03B86 /* SYPreViewCommon.swift */; };
		87E6487123702B3A00D03B86 /* SYNetWorkUrl.swift in Sources */ = {isa = PBXBuildFile; fileRef = 87E6486E23702B3A00D03B86 /* SYNetWorkUrl.swift */; };
		87E6487223702B3A00D03B86 /* SYNetModel.swift in Sources */ = {isa = PBXBuildFile; fileRef = 87E6486F23702B3A00D03B86 /* SYNetModel.swift */; };
		87E6487323702B3A00D03B86 /* SYNetTool.swift in Sources */ = {isa = PBXBuildFile; fileRef = 87E6487023702B3A00D03B86 /* SYNetTool.swift */; };
		87E6487523702B8700D03B86 /* ViewModel.swift in Sources */ = {isa = PBXBuildFile; fileRef = 87E6487423702B8700D03B86 /* ViewModel.swift */; };
		87E6487723702C3C00D03B86 /* ImgTableViewCell.swift in Sources */ = {isa = PBXBuildFile; fileRef = 87E6487623702C3C00D03B86 /* ImgTableViewCell.swift */; };
		87E6487923710CE300D03B86 /* NextViewController.swift in Sources */ = {isa = PBXBuildFile; fileRef = 87E6487823710CE300D03B86 /* NextViewController.swift */; };
/* End PBXBuildFile section */

/* Begin PBXFileReference section */
		32C3B498E1381B8E21C60436 /* Pods_SYPreView.framework */ = {isa = PBXFileReference; explicitFileType = wrapper.framework; includeInIndex = 0; path = Pods_SYPreView.framework; sourceTree = BUILT_PRODUCTS_DIR; };
		74B4C862ADC495FBA8649FE9 /* Pods-SYPreView.release.xcconfig */ = {isa = PBXFileReference; includeInIndex = 1; lastKnownFileType = text.xcconfig; name = "Pods-SYPreView.release.xcconfig"; path = "Target Support Files/Pods-SYPreView/Pods-SYPreView.release.xcconfig"; sourceTree = "<group>"; };
		87E6484D2370278300D03B86 /* SYPreView.app */ = {isa = PBXFileReference; explicitFileType = wrapper.application; includeInIndex = 0; path = SYPreView.app; sourceTree = BUILT_PRODUCTS_DIR; };
		87E648502370278300D03B86 /* AppDelegate.swift */ = {isa = PBXFileReference; lastKnownFileType = sourcecode.swift; path = AppDelegate.swift; sourceTree = "<group>"; };
		87E648542370278300D03B86 /* ViewController.swift */ = {isa = PBXFileReference; lastKnownFileType = sourcecode.swift; path = ViewController.swift; sourceTree = "<group>"; };
		87E648572370278300D03B86 /* Base */ = {isa = PBXFileReference; lastKnownFileType = file.storyboard; name = Base; path = Base.lproj/Main.storyboard; sourceTree = "<group>"; };
		87E648592370278400D03B86 /* Assets.xcassets */ = {isa = PBXFileReference; lastKnownFileType = folder.assetcatalog; path = Assets.xcassets; sourceTree = "<group>"; };
		87E6485C2370278400D03B86 /* Base */ = {isa = PBXFileReference; lastKnownFileType = file.storyboard; name = Base; path = Base.lproj/LaunchScreen.storyboard; sourceTree = "<group>"; };
		87E6485E2370278500D03B86 /* Info.plist */ = {isa = PBXFileReference; lastKnownFileType = text.plist.xml; path = Info.plist; sourceTree = "<group>"; };
		87E648652370288900D03B86 /* SYPreviewCollectionViewCell.swift */ = {isa = PBXFileReference; fileEncoding = 4; lastKnownFileType = sourcecode.swift; path = SYPreviewCollectionViewCell.swift; sourceTree = "<group>"; };
		87E648662370288900D03B86 /* SYPreViewController.swift */ = {isa = PBXFileReference; fileEncoding = 4; lastKnownFileType = sourcecode.swift; path = SYPreViewController.swift; sourceTree = "<group>"; };
		87E648672370288900D03B86 /* SYPicturePreView.swift */ = {isa = PBXFileReference; fileEncoding = 4; lastKnownFileType = sourcecode.swift; path = SYPicturePreView.swift; sourceTree = "<group>"; };
		87E6486B237028DE00D03B86 /* SYPreViewCommon.swift */ = {isa = PBXFileReference; lastKnownFileType = sourcecode.swift; path = SYPreViewCommon.swift; sourceTree = "<group>"; };
		87E6486E23702B3A00D03B86 /* SYNetWorkUrl.swift */ = {isa = PBXFileReference; fileEncoding = 4; lastKnownFileType = sourcecode.swift; path = SYNetWorkUrl.swift; sourceTree = "<group>"; };
		87E6486F23702B3A00D03B86 /* SYNetModel.swift */ = {isa = PBXFileReference; fileEncoding = 4; lastKnownFileType = sourcecode.swift; path = SYNetModel.swift; sourceTree = "<group>"; };
		87E6487023702B3A00D03B86 /* SYNetTool.swift */ = {isa = PBXFileReference; fileEncoding = 4; lastKnownFileType = sourcecode.swift; path = SYNetTool.swift; sourceTree = "<group>"; };
		87E6487423702B8700D03B86 /* ViewModel.swift */ = {isa = PBXFileReference; lastKnownFileType = sourcecode.swift; path = ViewModel.swift; sourceTree = "<group>"; };
		87E6487623702C3C00D03B86 /* ImgTableViewCell.swift */ = {isa = PBXFileReference; fileEncoding = 4; lastKnownFileType = sourcecode.swift; path = ImgTableViewCell.swift; sourceTree = "<group>"; };
		87E6487823710CE300D03B86 /* NextViewController.swift */ = {isa = PBXFileReference; lastKnownFileType = sourcecode.swift; path = NextViewController.swift; sourceTree = "<group>"; };
		F4C7A72E0135B8D6468AB9FA /* Pods-SYPreView.debug.xcconfig */ = {isa = PBXFileReference; includeInIndex = 1; lastKnownFileType = text.xcconfig; name = "Pods-SYPreView.debug.xcconfig"; path = "Target Support Files/Pods-SYPreView/Pods-SYPreView.debug.xcconfig"; sourceTree = "<group>"; };
/* End PBXFileReference section */

/* Begin PBXFrameworksBuildPhase section */
		87E6484A2370278300D03B86 /* Frameworks */ = {
			isa = PBXFrameworksBuildPhase;
			buildActionMask = 2147483647;
			files = (
				5DA0BA07924E8378BE9ED911 /* Pods_SYPreView.framework in Frameworks */,
			);
			runOnlyForDeploymentPostprocessing = 0;
		};
/* End PBXFrameworksBuildPhase section */

/* Begin PBXGroup section */
		2AFF7F60A9C8C120C084316D /* Frameworks */ = {
			isa = PBXGroup;
			children = (
				32C3B498E1381B8E21C60436 /* Pods_SYPreView.framework */,
			);
			name = Frameworks;
			sourceTree = "<group>";
		};
		87E648442370278300D03B86 = {
			isa = PBXGroup;
			children = (
				87E6484F2370278300D03B86 /* SYPreView */,
				87E6484E2370278300D03B86 /* Products */,
				E9C84C090E673F53491D64D8 /* Pods */,
				2AFF7F60A9C8C120C084316D /* Frameworks */,
			);
			sourceTree = "<group>";
		};
		87E6484E2370278300D03B86 /* Products */ = {
			isa = PBXGroup;
			children = (
				87E6484D2370278300D03B86 /* SYPreView.app */,
			);
			name = Products;
			sourceTree = "<group>";
		};
		87E6484F2370278300D03B86 /* SYPreView */ = {
			isa = PBXGroup;
			children = (
				87E6486D23702B3A00D03B86 /* NetWork */,
				87E648642370288900D03B86 /* SYPreview */,
				87E648502370278300D03B86 /* AppDelegate.swift */,
				87E648542370278300D03B86 /* ViewController.swift */,
				87E6487823710CE300D03B86 /* NextViewController.swift */,
				87E6487423702B8700D03B86 /* ViewModel.swift */,
				87E6487623702C3C00D03B86 /* ImgTableViewCell.swift */,
				87E648562370278300D03B86 /* Main.storyboard */,
				87E648592370278400D03B86 /* Assets.xcassets */,
				87E6485B2370278400D03B86 /* LaunchScreen.storyboard */,
				87E6485E2370278500D03B86 /* Info.plist */,
			);
			path = SYPreView;
			sourceTree = "<group>";
		};
		87E648642370288900D03B86 /* SYPreview */ = {
			isa = PBXGroup;
			children = (
				87E648652370288900D03B86 /* SYPreviewCollectionViewCell.swift */,
				87E648662370288900D03B86 /* SYPreViewController.swift */,
				87E648672370288900D03B86 /* SYPicturePreView.swift */,
				87E6486B237028DE00D03B86 /* SYPreViewCommon.swift */,
			);
			path = SYPreview;
			sourceTree = "<group>";
		};
		87E6486D23702B3A00D03B86 /* NetWork */ = {
			isa = PBXGroup;
			children = (
				87E6486E23702B3A00D03B86 /* SYNetWorkUrl.swift */,
				87E6486F23702B3A00D03B86 /* SYNetModel.swift */,
				87E6487023702B3A00D03B86 /* SYNetTool.swift */,
			);
			path = NetWork;
			sourceTree = "<group>";
		};
		E9C84C090E673F53491D64D8 /* Pods */ = {
			isa = PBXGroup;
			children = (
				F4C7A72E0135B8D6468AB9FA /* Pods-SYPreView.debug.xcconfig */,
				74B4C862ADC495FBA8649FE9 /* Pods-SYPreView.release.xcconfig */,
			);
			path = Pods;
			sourceTree = "<group>";
		};
/* End PBXGroup section */

/* Begin PBXNativeTarget section */
		87E6484C2370278300D03B86 /* SYPreView */ = {
			isa = PBXNativeTarget;
			buildConfigurationList = 87E648612370278500D03B86 /* Build configuration list for PBXNativeTarget "SYPreView" */;
			buildPhases = (
				D17B979875009AD283BBA66E /* [CP] Check Pods Manifest.lock */,
				87E648492370278300D03B86 /* Sources */,
				87E6484A2370278300D03B86 /* Frameworks */,
				87E6484B2370278300D03B86 /* Resources */,
				712D8489ABA31FD9DAB0A397 /* [CP] Embed Pods Frameworks */,
			);
			buildRules = (
			);
			dependencies = (
			);
			name = SYPreView;
			productName = SYPreView;
			productReference = 87E6484D2370278300D03B86 /* SYPreView.app */;
			productType = "com.apple.product-type.application";
		};
/* End PBXNativeTarget section */

/* Begin PBXProject section */
		87E648452370278300D03B86 /* Project object */ = {
			isa = PBXProject;
			attributes = {
				LastSwiftUpdateCheck = 1110;
				LastUpgradeCheck = 1110;
				ORGANIZATIONNAME = Syrena;
				TargetAttributes = {
					87E6484C2370278300D03B86 = {
						CreatedOnToolsVersion = 11.1;
					};
				};
			};
			buildConfigurationList = 87E648482370278300D03B86 /* Build configuration list for PBXProject "SYPreView" */;
			compatibilityVersion = "Xcode 9.3";
			developmentRegion = en;
			hasScannedForEncodings = 0;
			knownRegions = (
				en,
				Base,
			);
			mainGroup = 87E648442370278300D03B86;
			productRefGroup = 87E6484E2370278300D03B86 /* Products */;
			projectDirPath = "";
			projectRoot = "";
			targets = (
				87E6484C2370278300D03B86 /* SYPreView */,
			);
		};
/* End PBXProject section */

/* Begin PBXResourcesBuildPhase section */
		87E6484B2370278300D03B86 /* Resources */ = {
			isa = PBXResourcesBuildPhase;
			buildActionMask = 2147483647;
			files = (
				87E6485D2370278400D03B86 /* LaunchScreen.storyboard in Resources */,
				87E6485A2370278400D03B86 /* Assets.xcassets in Resources */,
				87E648582370278300D03B86 /* Main.storyboard in Resources */,
			);
			runOnlyForDeploymentPostprocessing = 0;
		};
/* End PBXResourcesBuildPhase section */

/* Begin PBXShellScriptBuildPhase section */
		712D8489ABA31FD9DAB0A397 /* [CP] Embed Pods Frameworks */ = {
			isa = PBXShellScriptBuildPhase;
			buildActionMask = 2147483647;
			files = (
			);
			inputFileListPaths = (
				"${PODS_ROOT}/Target Support Files/Pods-SYPreView/Pods-SYPreView-frameworks-${CONFIGURATION}-input-files.xcfilelist",
			);
			name = "[CP] Embed Pods Frameworks";
			outputFileListPaths = (
				"${PODS_ROOT}/Target Support Files/Pods-SYPreView/Pods-SYPreView-frameworks-${CONFIGURATION}-output-files.xcfilelist",
			);
			runOnlyForDeploymentPostprocessing = 0;
			shellPath = /bin/sh;
			shellScript = "\"${PODS_ROOT}/Target Support Files/Pods-SYPreView/Pods-SYPreView-frameworks.sh\"\n";
			showEnvVarsInLog = 0;
		};
		D17B979875009AD283BBA66E /* [CP] Check Pods Manifest.lock */ = {
			isa = PBXShellScriptBuildPhase;
			buildActionMask = 2147483647;
			files = (
			);
			inputFileListPaths = (
			);
			inputPaths = (
				"${PODS_PODFILE_DIR_PATH}/Podfile.lock",
				"${PODS_ROOT}/Manifest.lock",
			);
			name = "[CP] Check Pods Manifest.lock";
			outputFileListPaths = (
			);
			outputPaths = (
				"$(DERIVED_FILE_DIR)/Pods-SYPreView-checkManifestLockResult.txt",
			);
			runOnlyForDeploymentPostprocessing = 0;
			shellPath = /bin/sh;
			shellScript = "diff \"${PODS_PODFILE_DIR_PATH}/Podfile.lock\" \"${PODS_ROOT}/Manifest.lock\" > /dev/null\nif [ $? != 0 ] ; then\n    # print error to STDERR\n    echo \"error: The sandbox is not in sync with the Podfile.lock. Run 'pod install' or update your CocoaPods installation.\" >&2\n    exit 1\nfi\n# This output is used by Xcode 'outputs' to avoid re-running this script phase.\necho \"SUCCESS\" > \"${SCRIPT_OUTPUT_FILE_0}\"\n";
			showEnvVarsInLog = 0;
		};
/* End PBXShellScriptBuildPhase section */

/* Begin PBXSourcesBuildPhase section */
		87E648492370278300D03B86 /* Sources */ = {
			isa = PBXSourcesBuildPhase;
			buildActionMask = 2147483647;
			files = (
				87E6487523702B8700D03B86 /* ViewModel.swift in Sources */,
				87E6487923710CE300D03B86 /* NextViewController.swift in Sources */,
				87E648552370278300D03B86 /* ViewController.swift in Sources */,
				87E6487723702C3C00D03B86 /* ImgTableViewCell.swift in Sources */,
				87E648512370278300D03B86 /* AppDelegate.swift in Sources */,
				87E6487123702B3A00D03B86 /* SYNetWorkUrl.swift in Sources */,
				87E648692370288900D03B86 /* SYPreViewController.swift in Sources */,
				87E6486A2370288900D03B86 /* SYPicturePreView.swift in Sources */,
				87E648682370288900D03B86 /* SYPreviewCollectionViewCell.swift in Sources */,
				87E6486C237028DE00D03B86 /* SYPreViewCommon.swift in Sources */,
				87E6487223702B3A00D03B86 /* SYNetModel.swift in Sources */,
				87E6487323702B3A00D03B86 /* SYNetTool.swift in Sources */,
			);
			runOnlyForDeploymentPostprocessing = 0;
		};
/* End PBXSourcesBuildPhase section */

/* Begin PBXVariantGroup section */
		87E648562370278300D03B86 /* Main.storyboard */ = {
			isa = PBXVariantGroup;
			children = (
				87E648572370278300D03B86 /* Base */,
			);
			name = Main.storyboard;
			sourceTree = "<group>";
		};
		87E6485B2370278400D03B86 /* LaunchScreen.storyboard */ = {
			isa = PBXVariantGroup;
			children = (
				87E6485C2370278400D03B86 /* Base */,
			);
			name = LaunchScreen.storyboard;
			sourceTree = "<group>";
		};
/* End PBXVariantGroup section */

/* Begin XCBuildConfiguration section */
		87E6485F2370278500D03B86 /* Debug */ = {
			isa = XCBuildConfiguration;
			buildSettings = {
				ALWAYS_SEARCH_USER_PATHS = NO;
				CLANG_ANALYZER_NONNULL = YES;
				CLANG_ANALYZER_NUMBER_OBJECT_CONVERSION = YES_AGGRESSIVE;
				CLANG_CXX_LANGUAGE_STANDARD = "gnu++14";
				CLANG_CXX_LIBRARY = "libc++";
				CLANG_ENABLE_MODULES = YES;
				CLANG_ENABLE_OBJC_ARC = YES;
				CLANG_ENABLE_OBJC_WEAK = YES;
				CLANG_WARN_BLOCK_CAPTURE_AUTORELEASING = YES;
				CLANG_WARN_BOOL_CONVERSION = YES;
				CLANG_WARN_COMMA = YES;
				CLANG_WARN_CONSTANT_CONVERSION = YES;
				CLANG_WARN_DEPRECATED_OBJC_IMPLEMENTATIONS = YES;
				CLANG_WARN_DIRECT_OBJC_ISA_USAGE = YES_ERROR;
				CLANG_WARN_DOCUMENTATION_COMMENTS = YES;
				CLANG_WARN_EMPTY_BODY = YES;
				CLANG_WARN_ENUM_CONVERSION = YES;
				CLANG_WARN_INFINITE_RECURSION = YES;
				CLANG_WARN_INT_CONVERSION = YES;
				CLANG_WARN_NON_LITERAL_NULL_CONVERSION = YES;
				CLANG_WARN_OBJC_IMPLICIT_RETAIN_SELF = YES;
				CLANG_WARN_OBJC_LITERAL_CONVERSION = YES;
				CLANG_WARN_OBJC_ROOT_CLASS = YES_ERROR;
				CLANG_WARN_RANGE_LOOP_ANALYSIS = YES;
				CLANG_WARN_STRICT_PROTOTYPES = YES;
				CLANG_WARN_SUSPICIOUS_MOVE = YES;
				CLANG_WARN_UNGUARDED_AVAILABILITY = YES_AGGRESSIVE;
				CLANG_WARN_UNREACHABLE_CODE = YES;
				CLANG_WARN__DUPLICATE_METHOD_MATCH = YES;
				COPY_PHASE_STRIP = NO;
				DEBUG_INFORMATION_FORMAT = dwarf;
				ENABLE_STRICT_OBJC_MSGSEND = YES;
				ENABLE_TESTABILITY = YES;
				GCC_C_LANGUAGE_STANDARD = gnu11;
				GCC_DYNAMIC_NO_PIC = NO;
				GCC_NO_COMMON_BLOCKS = YES;
				GCC_OPTIMIZATION_LEVEL = 0;
				GCC_PREPROCESSOR_DEFINITIONS = (
					"DEBUG=1",
					"$(inherited)",
				);
				GCC_WARN_64_TO_32_BIT_CONVERSION = YES;
				GCC_WARN_ABOUT_RETURN_TYPE = YES_ERROR;
				GCC_WARN_UNDECLARED_SELECTOR = YES;
				GCC_WARN_UNINITIALIZED_AUTOS = YES_AGGRESSIVE;
				GCC_WARN_UNUSED_FUNCTION = YES;
				GCC_WARN_UNUSED_VARIABLE = YES;
				IPHONEOS_DEPLOYMENT_TARGET = 13.1;
				MTL_ENABLE_DEBUG_INFO = INCLUDE_SOURCE;
				MTL_FAST_MATH = YES;
				ONLY_ACTIVE_ARCH = YES;
				SDKROOT = iphoneos;
				SWIFT_ACTIVE_COMPILATION_CONDITIONS = DEBUG;
				SWIFT_OPTIMIZATION_LEVEL = "-Onone";
			};
			name = Debug;
		};
		87E648602370278500D03B86 /* Release */ = {
			isa = XCBuildConfiguration;
			buildSettings = {
				ALWAYS_SEARCH_USER_PATHS = NO;
				CLANG_ANALYZER_NONNULL = YES;
				CLANG_ANALYZER_NUMBER_OBJECT_CONVERSION = YES_AGGRESSIVE;
				CLANG_CXX_LANGUAGE_STANDARD = "gnu++14";
				CLANG_CXX_LIBRARY = "libc++";
				CLANG_ENABLE_MODULES = YES;
				CLANG_ENABLE_OBJC_ARC = YES;
				CLANG_ENABLE_OBJC_WEAK = YES;
				CLANG_WARN_BLOCK_CAPTURE_AUTORELEASING = YES;
				CLANG_WARN_BOOL_CONVERSION = YES;
				CLANG_WARN_COMMA = YES;
				CLANG_WARN_CONSTANT_CONVERSION = YES;
				CLANG_WARN_DEPRECATED_OBJC_IMPLEMENTATIONS = YES;
				CLANG_WARN_DIRECT_OBJC_ISA_USAGE = YES_ERROR;
				CLANG_WARN_DOCUMENTATION_COMMENTS = YES;
				CLANG_WARN_EMPTY_BODY = YES;
				CLANG_WARN_ENUM_CONVERSION = YES;
				CLANG_WARN_INFINITE_RECURSION = YES;
				CLANG_WARN_INT_CONVERSION = YES;
				CLANG_WARN_NON_LITERAL_NULL_CONVERSION = YES;
				CLANG_WARN_OBJC_IMPLICIT_RETAIN_SELF = YES;
				CLANG_WARN_OBJC_LITERAL_CONVERSION = YES;
				CLANG_WARN_OBJC_ROOT_CLASS = YES_ERROR;
				CLANG_WARN_RANGE_LOOP_ANALYSIS = YES;
				CLANG_WARN_STRICT_PROTOTYPES = YES;
				CLANG_WARN_SUSPICIOUS_MOVE = YES;
				CLANG_WARN_UNGUARDED_AVAILABILITY = YES_AGGRESSIVE;
				CLANG_WARN_UNREACHABLE_CODE = YES;
				CLANG_WARN__DUPLICATE_METHOD_MATCH = YES;
				COPY_PHASE_STRIP = NO;
				DEBUG_INFORMATION_FORMAT = "dwarf-with-dsym";
				ENABLE_NS_ASSERTIONS = NO;
				ENABLE_STRICT_OBJC_MSGSEND = YES;
				GCC_C_LANGUAGE_STANDARD = gnu11;
				GCC_NO_COMMON_BLOCKS = YES;
				GCC_WARN_64_TO_32_BIT_CONVERSION = YES;
				GCC_WARN_ABOUT_RETURN_TYPE = YES_ERROR;
				GCC_WARN_UNDECLARED_SELECTOR = YES;
				GCC_WARN_UNINITIALIZED_AUTOS = YES_AGGRESSIVE;
				GCC_WARN_UNUSED_FUNCTION = YES;
				GCC_WARN_UNUSED_VARIABLE = YES;
				IPHONEOS_DEPLOYMENT_TARGET = 13.1;
				MTL_ENABLE_DEBUG_INFO = NO;
				MTL_FAST_MATH = YES;
				SDKROOT = iphoneos;
				SWIFT_COMPILATION_MODE = wholemodule;
				SWIFT_OPTIMIZATION_LEVEL = "-O";
				VALIDATE_PRODUCT = YES;
			};
			name = Release;
		};
		87E648622370278500D03B86 /* Debug */ = {
			isa = XCBuildConfiguration;
			baseConfigurationReference = F4C7A72E0135B8D6468AB9FA /* Pods-SYPreView.debug.xcconfig */;
			buildSettings = {
				ASSETCATALOG_COMPILER_APPICON_NAME = AppIcon;
				CODE_SIGN_STYLE = Automatic;
				DEVELOPMENT_TEAM = 8YDCM8ZN38;
				INFOPLIST_FILE = SYPreView/Info.plist;
				IPHONEOS_DEPLOYMENT_TARGET = 10.0;
				LD_RUNPATH_SEARCH_PATHS = (
					"$(inherited)",
					"@executable_path/Frameworks",
				);
				PRODUCT_BUNDLE_IDENTIFIER = sxw.syrena.SYPreView.a;
				PRODUCT_NAME = "$(TARGET_NAME)";
				SWIFT_VERSION = 5.0;
				TARGETED_DEVICE_FAMILY = 1;
			};
			name = Debug;
		};
		87E648632370278500D03B86 /* Release */ = {
			isa = XCBuildConfiguration;
			baseConfigurationReference = 74B4C862ADC495FBA8649FE9 /* Pods-SYPreView.release.xcconfig */;
			buildSettings = {
				ASSETCATALOG_COMPILER_APPICON_NAME = AppIcon;
				CODE_SIGN_STYLE = Automatic;
				DEVELOPMENT_TEAM = 8YDCM8ZN38;
				INFOPLIST_FILE = SYPreView/Info.plist;
				IPHONEOS_DEPLOYMENT_TARGET = 10.0;
				LD_RUNPATH_SEARCH_PATHS = (
					"$(inherited)",
					"@executable_path/Frameworks",
				);
				PRODUCT_BUNDLE_IDENTIFIER = sxw.syrena.SYPreView.a;
				PRODUCT_NAME = "$(TARGET_NAME)";
				SWIFT_VERSION = 5.0;
				TARGETED_DEVICE_FAMILY = 1;
			};
			name = Release;
		};
/* End XCBuildConfiguration section */

/* Begin XCConfigurationList section */
		87E648482370278300D03B86 /* Build configuration list for PBXProject "SYPreView" */ = {
			isa = XCConfigurationList;
			buildConfigurations = (
				87E6485F2370278500D03B86 /* Debug */,
				87E648602370278500D03B86 /* Release */,
			);
			defaultConfigurationIsVisible = 0;
			defaultConfigurationName = Release;
		};
		87E648612370278500D03B86 /* Build configuration list for PBXNativeTarget "SYPreView" */ = {
			isa = XCConfigurationList;
			buildConfigurations = (
				87E648622370278500D03B86 /* Debug */,
				87E648632370278500D03B86 /* Release */,
			);
			defaultConfigurationIsVisible = 0;
			defaultConfigurationName = Release;
		};
/* End XCConfigurationList section */
	};
	rootObject = 87E648452370278300D03B86 /* Project object */;
}
